
Microsoft Visual Studio Solution File, Format Version 12.00
# Visual Studio 15
VisualStudioVersion = 15.0.26730.16
MinimumVisualStudioVersion = 10.0.40219.1
Project("{FAE04EC0-301F-11D3-BF4B-00C04F79EFBC}") = "Project01", "Project01\Project01.csproj", "{FB5FA36C-BD6D-40EB-8525-9CA9CE826E26}"
EndProject
Global
	GlobalSection(SolutionConfigurationPlatforms) = preSolution
		Debug|Any CPU = Debug|Any CPU
		Release|Any CPU = Release|Any CPU
	EndGlobalSection
	GlobalSection(ProjectConfigurationPlatforms) = postSolution
		{FB5FA36C-BD6D-40EB-8525-9CA9CE826E26}.Debug|Any CPU.ActiveCfg = Debug|Any CPU
		{FB5FA36C-BD6D-40EB-8525-9CA9CE826E26}.Debug|Any CPU.Build.0 = Debug|Any CPU
		{FB5FA36C-BD6D-40EB-8525-9CA9CE826E26}.Release|Any CPU.ActiveCfg = Release|Any CPU
		{FB5FA36C-BD6D-40EB-8525-9CA9CE826E26}.Release|Any CPU.Build.0 = Release|Any CPU
	EndGlobalSection
	GlobalSection(SolutionProperties) = preSolution
		HideSolutionNode = FALSE
	EndGlobalSection
	GlobalSection(ExtensibilityGlobals) = postSolution
		SolutionGuid = {A8143B58-7E9B-49FE-8454-7869E22B72CE}
	EndGlobalSection
EndGlobal
